// !$*UTF8*$!
{
	archiveVersion = 1;
	classes = {
	};
	objectVersion = 56;
	objects = {

/* Begin PBXGroup section */
		ROOT_GROUP = {
			isa = PBXGroup;
			children = (
				APP_GROUP,
			);
			sourceTree = "<group>";
		};
		APP_GROUP = {
			isa = PBXGroup;
			children = (
			);
			path = FlowTV;
			sourceTree = "<group>";
		};
/* End PBXGroup section */

/* Begin PBXProject section */
		PROJECT_ROOT = {
			isa = PBXProject;
			buildConfigurationList = PROJECT_BUILD_CONFIG_LIST;
			compatibilityVersion = "Xcode 14.0";
			developmentRegion = es;
			hasScannedForEncodings = 0;
			knownRegions = (
				es,
				en,
				Base,
			);
			mainGroup = ROOT_GROUP;
			productRefGroup = PRODUCTS_GROUP;
			projectDirPath = "";
			projectRoot = "";
			targets = (
			);
		};
/* End PBXProject section */

	};
	rootObject = PROJECT_ROOT;
}
